
Microsoft Visual Studio Solution File, Format Version 12.00
# Visual Studio Version 16
VisualStudioVersion = 16.0.31605.320
MinimumVisualStudioVersion = 10.0.40219.1
Project("{FAE04EC0-301F-11D3-BF4B-00C04F79EFBC}") = "TransitionCounter", "TransitionCounter\TransitionCounter.csproj", "{D9255A17-0A23-494B-A227-15DF4BF9DEFA}"
EndProject
Global
	GlobalSection(SolutionConfigurationPlatforms) = preSolution
		Debug|Any CPU = Debug|Any CPU
		Release|Any CPU = Release|Any CPU
	EndGlobalSection
	GlobalSection(ProjectConfigurationPlatforms) = postSolution
		{D9255A17-0A23-494B-A227-15DF4BF9DEFA}.Debug|Any CPU.ActiveCfg = Debug|Any CPU
		{D9255A17-0A23-494B-A227-15DF4BF9DEFA}.Debug|Any CPU.Build.0 = Debug|Any CPU
		{D9255A17-0A23-494B-A227-15DF4BF9DEFA}.Release|Any CPU.ActiveCfg = Release|Any CPU
		{D9255A17-0A23-494B-A227-15DF4BF9DEFA}.Release|Any CPU.Build.0 = Release|Any CPU
	EndGlobalSection
	GlobalSection(SolutionProperties) = preSolution
		HideSolutionNode = FALSE
	EndGlobalSection
	GlobalSection(ExtensibilityGlobals) = postSolution
		SolutionGuid = {C6839126-4A3C-4831-BAC3-87C15CDC94C0}
	EndGlobalSection
EndGlobal
